Microsoft Visual Studio Solution File, Format Version 11.00
# Visual Studio 2008

Project("{48E1BF8A-2C99-945D-07F3-4BE3D191A0DA}") = "07_midtermProject", "Assembly-CSharp-firstpass-vs.csproj", "{722C7C37-5297-8971-1E93-7B314F68DC3F}"
EndProject
Project("{48E1BF8A-2C99-945D-07F3-4BE3D191A0DA}") = "07_midtermProject", "Assembly-CSharp-vs.csproj", "{FC4A31D6-335C-EEB9-F759-FC185C779881}"
EndProject
Global
	GlobalSection(SolutionConfigurationPlatforms) = preSolution
		Debug|Any CPU = Debug|Any CPU
		Release|Any CPU = Release|Any CPU
	EndGlobalSection
	GlobalSection(ProjectConfigurationPlatforms) = postSolution
		{722C7C37-5297-8971-1E93-7B314F68DC3F}.Debug|Any CPU.ActiveCfg = Debug|Any CPU
		{722C7C37-5297-8971-1E93-7B314F68DC3F}.Debug|Any CPU.Build.0 = Debug|Any CPU
		{722C7C37-5297-8971-1E93-7B314F68DC3F}.Release|Any CPU.ActiveCfg = Release|Any CPU
		{722C7C37-5297-8971-1E93-7B314F68DC3F}.Release|Any CPU.Build.0 = Release|Any CPU
		{FC4A31D6-335C-EEB9-F759-FC185C779881}.Debug|Any CPU.ActiveCfg = Debug|Any CPU
		{FC4A31D6-335C-EEB9-F759-FC185C779881}.Debug|Any CPU.Build.0 = Debug|Any CPU
		{FC4A31D6-335C-EEB9-F759-FC185C779881}.Release|Any CPU.ActiveCfg = Release|Any CPU
		{FC4A31D6-335C-EEB9-F759-FC185C779881}.Release|Any CPU.Build.0 = Release|Any CPU
	EndGlobalSection
	GlobalSection(SolutionProperties) = preSolution
		HideSolutionNode = FALSE
	EndGlobalSection
																																	GlobalSection(MonoDevelopProperties) = preSolution
		StartupItem = Assembly-CSharp.csproj
		Policies = $0
		$0.TextStylePolicy = $1
		$1.inheritsSet = null
		$1.scope = text/x-csharp
		$0.CSharpFormattingPolicy = $2
		$2.inheritsSet = Mono
		$2.inheritsScope = text/x-csharp
		$2.scope = text/x-csharp
		$0.TextStylePolicy = $3
		$3.FileWidth = 120
		$3.TabWidth = 4
		$3.EolMarker = Unix
		$3.inheritsSet = Mono
		$3.inheritsScope = text/plain
		$3.scope = text/plain
	EndGlobalSection

EndGlobal
